
Microsoft Visual Studio Solution File, Format Version 12.00
# Visual Studio Version 17
VisualStudioVersion = 17.0.31903.59
MinimumVisualStudioVersion = 10.0.40219.1
Project("{FAE04EC0-301F-11D3-BF4B-00C04F79EFBC}") = "API", "API\API.csproj", "{1262D94C-1488-4A21-91E1-E1C1C66B0585}"
EndProject
Project("{FAE04EC0-301F-11D3-BF4B-00C04F79EFBC}") = "Core", "Core\Core.csproj", "{E23E6FC3-24C0-4B79-846F-A1530D240293}"
EndProject
Project("{FAE04EC0-301F-11D3-BF4B-00C04F79EFBC}") = "Infrastructure", "Infrastructure\Infrastructure.csproj", "{4C684B96-4BE3-4727-BF55-896DD46C8DA2}"
EndProject
Global
	GlobalSection(SolutionConfigurationPlatforms) = preSolution
		Debug|Any CPU = Debug|Any CPU
		Release|Any CPU = Release|Any CPU
	EndGlobalSection
	GlobalSection(SolutionProperties) = preSolution
		HideSolutionNode = FALSE
	EndGlobalSection
	GlobalSection(ProjectConfigurationPlatforms) = postSolution
		{1262D94C-1488-4A21-91E1-E1C1C66B0585}.Debug|Any CPU.ActiveCfg = Debug|Any CPU
		{1262D94C-1488-4A21-91E1-E1C1C66B0585}.Debug|Any CPU.Build.0 = Debug|Any CPU
		{1262D94C-1488-4A21-91E1-E1C1C66B0585}.Release|Any CPU.ActiveCfg = Release|Any CPU
		{1262D94C-1488-4A21-91E1-E1C1C66B0585}.Release|Any CPU.Build.0 = Release|Any CPU
		{E23E6FC3-24C0-4B79-846F-A1530D240293}.Debug|Any CPU.ActiveCfg = Debug|Any CPU
		{E23E6FC3-24C0-4B79-846F-A1530D240293}.Debug|Any CPU.Build.0 = Debug|Any CPU
		{E23E6FC3-24C0-4B79-846F-A1530D240293}.Release|Any CPU.ActiveCfg = Release|Any CPU
		{E23E6FC3-24C0-4B79-846F-A1530D240293}.Release|Any CPU.Build.0 = Release|Any CPU
		{4C684B96-4BE3-4727-BF55-896DD46C8DA2}.Debug|Any CPU.ActiveCfg = Debug|Any CPU
		{4C684B96-4BE3-4727-BF55-896DD46C8DA2}.Debug|Any CPU.Build.0 = Debug|Any CPU
		{4C684B96-4BE3-4727-BF55-896DD46C8DA2}.Release|Any CPU.ActiveCfg = Release|Any CPU
		{4C684B96-4BE3-4727-BF55-896DD46C8DA2}.Release|Any CPU.Build.0 = Release|Any CPU
	EndGlobalSection
EndGlobal
